
Microsoft Visual Studio Solution File, Format Version 12.00
# Visual Studio Version 17
VisualStudioVersion = 17.6.33829.357
MinimumVisualStudioVersion = 10.0.40219.1
Project("{9A19103F-16F7-4668-BE54-9A1E7A4F7556}") = "CrudNet7Rezor", "CrudNet7Rezor\CrudNet7Rezor.csproj", "{9267FEE6-10F9-4EDA-8B0C-108A7FB10B25}"
EndProject
Project("{2150E333-8FDC-42A3-9474-1A3956D46DE8}") = "Solution Items", "Solution Items", "{0A803F1C-C474-400E-8C39-28687B022C0B}"
	ProjectSection(SolutionItems) = preProject
		.editorconfig = .editorconfig
	EndProjectSection
EndProject
Global
	GlobalSection(SolutionConfigurationPlatforms) = preSolution
		Debug|Any CPU = Debug|Any CPU
		Release|Any CPU = Release|Any CPU
	EndGlobalSection
	GlobalSection(ProjectConfigurationPlatforms) = postSolution
		{9267FEE6-10F9-4EDA-8B0C-108A7FB10B25}.Debug|Any CPU.ActiveCfg = Debug|Any CPU
		{9267FEE6-10F9-4EDA-8B0C-108A7FB10B25}.Debug|Any CPU.Build.0 = Debug|Any CPU
		{9267FEE6-10F9-4EDA-8B0C-108A7FB10B25}.Release|Any CPU.ActiveCfg = Release|Any CPU
		{9267FEE6-10F9-4EDA-8B0C-108A7FB10B25}.Release|Any CPU.Build.0 = Release|Any CPU
	EndGlobalSection
	GlobalSection(SolutionProperties) = preSolution
		HideSolutionNode = FALSE
	EndGlobalSection
	GlobalSection(ExtensibilityGlobals) = postSolution
		SolutionGuid = {CBC0A12B-4C8A-4F3B-B785-53084461494D}
	EndGlobalSection
EndGlobal
